{
  "version": 1,
  "dependencies": {
    "net8.0-windows7.0": {
      "Microsoft.NET.ILLink.Tasks": {
        "type": "Direct",
        "requested": "[8.0.29, )",
        "resolved": "8.0.29",
        "contentHash": "HSBTfrkIZijz8z3ybLRKB7E8rHk4QQufFwpHa9fc5CMIgRhRzdn4mBGmlyXZqaueiMPtuJcnjresGvSTfaW8Mg=="
      }
    },
    "net8.0-windows7.0/win-x64": {}
  }
}