Microsoft Visual Studio Solution File, Format Version 12.00
# Visual Studio Version 17
VisualStudioVersion = 17.0.31903.59
MinimumVisualStudioVersion = 10.0.40219.1
Project("{FAE04EC0-301F-11D3-BF4B-00C04F79EFBC}") = "RailRouteHelper.Core", "src\RailRouteHelper.Core\RailRouteHelper.Core.csproj", "{85C62D5E-C024-41F1-A82C-B6A79CB1C173}"
EndProject
Project("{FAE04EC0-301F-11D3-BF4B-00C04F79EFBC}") = "RailRouteHelper.Protocol", "src\RailRouteHelper.Protocol\RailRouteHelper.Protocol.csproj", "{4062ACB2-D622-48F6-BBC5-A6AAC4A42204}"
EndProject
Project("{FAE04EC0-301F-11D3-BF4B-00C04F79EFBC}") = "RailRouteHelper.Protocol.Tests", "tests\RailRouteHelper.Protocol.Tests\RailRouteHelper.Protocol.Tests.csproj", "{4F970D6F-3B90-4B0D-8B19-D80643476461}"
EndProject
Project("{FAE04EC0-301F-11D3-BF4B-00C04F79EFBC}") = "RailRouteHelper.SaveFiles", "src\RailRouteHelper.SaveFiles\RailRouteHelper.SaveFiles.csproj", "{A2CB84B7-172E-47B7-93CB-CB985540933E}"
EndProject
Project("{FAE04EC0-301F-11D3-BF4B-00C04F79EFBC}") = "RailRouteHelper.SaveFiles.Tests", "tests\RailRouteHelper.SaveFiles.Tests\RailRouteHelper.SaveFiles.Tests.csproj", "{5DA380F3-BA11-458E-8A29-1BDC7714E68E}"
EndProject
Project("{FAE04EC0-301F-11D3-BF4B-00C04F79EFBC}") = "RailRouteHelper.Replay", "src\RailRouteHelper.Replay\RailRouteHelper.Replay.csproj", "{0FB2C98B-F5F6-482C-BB05-F43E1A7B94AD}"
EndProject
Project("{FAE04EC0-301F-11D3-BF4B-00C04F79EFBC}") = "RailRouteHelper.Replay.Tests", "tests\RailRouteHelper.Replay.Tests\RailRouteHelper.Replay.Tests.csproj", "{16D5F38B-F6EA-498A-8368-A8B50B45BD15}"
EndProject
Project("{FAE04EC0-301F-11D3-BF4B-00C04F79EFBC}") = "RailRouteHelper.SaveSchema", "src\RailRouteHelper.SaveSchema\RailRouteHelper.SaveSchema.csproj", "{C68E11F2-D06A-4E2D-8C67-0A5F4C2D9822}"
EndProject
Project("{FAE04EC0-301F-11D3-BF4B-00C04F79EFBC}") = "RailRouteHelper.SaveSchema.Tests", "tests\RailRouteHelper.SaveSchema.Tests\RailRouteHelper.SaveSchema.Tests.csproj", "{2C7452D7-1178-4AC4-A59C-4C1FCB94A96C}"
EndProject
Project("{FAE04EC0-301F-11D3-BF4B-00C04F79EFBC}") = "RailRouteHelper.Operations", "src\RailRouteHelper.Operations\RailRouteHelper.Operations.csproj", "{D9A57D4F-39F7-4A58-A934-1C07D45BFA71}"
EndProject
Project("{FAE04EC0-301F-11D3-BF4B-00C04F79EFBC}") = "RailRouteHelper.Operations.Tests", "tests\RailRouteHelper.Operations.Tests\RailRouteHelper.Operations.Tests.csproj", "{A2B4E8D9-2750-4F0E-826D-61F23482F6CB}"
EndProject
Project("{FAE04EC0-301F-11D3-BF4B-00C04F79EFBC}") = "RailRouteHelper.Cli", "src\RailRouteHelper.Cli\RailRouteHelper.Cli.csproj", "{B72F5B55-10F9-42F9-BC52-17AD6745F0B8}"
EndProject
Project("{FAE04EC0-301F-11D3-BF4B-00C04F79EFBC}") = "RailRouteHelper.Monitoring", "src\RailRouteHelper.Monitoring\RailRouteHelper.Monitoring.csproj", "{339B1C71-4971-4CD6-8020-19204DB23A66}"
EndProject
Project("{FAE04EC0-301F-11D3-BF4B-00C04F79EFBC}") = "RailRouteHelper.Monitoring.Tests", "tests\RailRouteHelper.Monitoring.Tests\RailRouteHelper.Monitoring.Tests.csproj", "{0046B215-B57B-4970-95D0-9FB05B03658D}"
EndProject
Project("{FAE04EC0-301F-11D3-BF4B-00C04F79EFBC}") = "RailRouteHelper.LiveOperations", "src\RailRouteHelper.LiveOperations\RailRouteHelper.LiveOperations.csproj", "{F58197FC-DB83-4A3D-B3AA-BD2FA3F8D143}"
EndProject
Project("{FAE04EC0-301F-11D3-BF4B-00C04F79EFBC}") = "RailRouteHelper.Web", "src\RailRouteHelper.Web\RailRouteHelper.Web.csproj", "{0E4936E5-4FB3-4E4D-9DFB-580395588802}"
EndProject
Project("{FAE04EC0-301F-11D3-BF4B-00C04F79EFBC}") = "RailRouteHelper.Web.Tests", "tests\RailRouteHelper.Web.Tests\RailRouteHelper.Web.Tests.csproj", "{4A3C2F91-3120-4F03-A0DB-C2A96AC84A77}"
EndProject
Project("{2150E333-8FDC-42A3-9474-1A3956D46DE8}") = "src", "src", "{77A27C0C-B771-4A14-A102-2C22FFC0E405}"
EndProject
Project("{FAE04EC0-301F-11D3-BF4B-00C04F79EFBC}") = "RailRouteHelper.Runtime", "src\RailRouteHelper.Runtime\RailRouteHelper.Runtime.csproj", "{AB601659-EFCA-4A46-9001-D889C298AFC7}"
EndProject
Project("{2150E333-8FDC-42A3-9474-1A3956D46DE8}") = "tests", "tests", "{7E341436-F713-48F4-ADB3-5D372D229344}"
EndProject
Project("{FAE04EC0-301F-11D3-BF4B-00C04F79EFBC}") = "RailRouteHelper.Runtime.Tests", "tests\RailRouteHelper.Runtime.Tests\RailRouteHelper.Runtime.Tests.csproj", "{46F4CED3-0D3E-46B2-AA1C-C63B9C35D94A}"
EndProject
Global
	GlobalSection(SolutionConfigurationPlatforms) = preSolution
		Debug|Any CPU = Debug|Any CPU
		Release|Any CPU = Release|Any CPU
	EndGlobalSection
	GlobalSection(ProjectConfigurationPlatforms) = postSolution
		{85C62D5E-C024-41F1-A82C-B6A79CB1C173}.Debug|Any CPU.ActiveCfg = Debug|Any CPU
		{85C62D5E-C024-41F1-A82C-B6A79CB1C173}.Debug|Any CPU.Build.0 = Debug|Any CPU
		{85C62D5E-C024-41F1-A82C-B6A79CB1C173}.Release|Any CPU.ActiveCfg = Release|Any CPU
		{85C62D5E-C024-41F1-A82C-B6A79CB1C173}.Release|Any CPU.Build.0 = Release|Any CPU
		{4062ACB2-D622-48F6-BBC5-A6AAC4A42204}.Debug|Any CPU.ActiveCfg = Debug|Any CPU
		{4062ACB2-D622-48F6-BBC5-A6AAC4A42204}.Debug|Any CPU.Build.0 = Debug|Any CPU
		{4062ACB2-D622-48F6-BBC5-A6AAC4A42204}.Release|Any CPU.ActiveCfg = Release|Any CPU
		{4062ACB2-D622-48F6-BBC5-A6AAC4A42204}.Release|Any CPU.Build.0 = Release|Any CPU
		{4F970D6F-3B90-4B0D-8B19-D80643476461}.Debug|Any CPU.ActiveCfg = Debug|Any CPU
		{4F970D6F-3B90-4B0D-8B19-D80643476461}.Debug|Any CPU.Build.0 = Debug|Any CPU
		{4F970D6F-3B90-4B0D-8B19-D80643476461}.Release|Any CPU.ActiveCfg = Release|Any CPU
		{4F970D6F-3B90-4B0D-8B19-D80643476461}.Release|Any CPU.Build.0 = Release|Any CPU
		{A2CB84B7-172E-47B7-93CB-CB985540933E}.Debug|Any CPU.ActiveCfg = Debug|Any CPU
		{A2CB84B7-172E-47B7-93CB-CB985540933E}.Debug|Any CPU.Build.0 = Debug|Any CPU
		{A2CB84B7-172E-47B7-93CB-CB985540933E}.Release|Any CPU.ActiveCfg = Release|Any CPU
		{A2CB84B7-172E-47B7-93CB-CB985540933E}.Release|Any CPU.Build.0 = Release|Any CPU
		{5DA380F3-BA11-458E-8A29-1BDC7714E68E}.Debug|Any CPU.ActiveCfg = Debug|Any CPU
		{5DA380F3-BA11-458E-8A29-1BDC7714E68E}.Debug|Any CPU.Build.0 = Debug|Any CPU
		{5DA380F3-BA11-458E-8A29-1BDC7714E68E}.Release|Any CPU.ActiveCfg = Release|Any CPU
		{5DA380F3-BA11-458E-8A29-1BDC7714E68E}.Release|Any CPU.Build.0 = Release|Any CPU
		{0FB2C98B-F5F6-482C-BB05-F43E1A7B94AD}.Debug|Any CPU.ActiveCfg = Debug|Any CPU
		{0FB2C98B-F5F6-482C-BB05-F43E1A7B94AD}.Debug|Any CPU.Build.0 = Debug|Any CPU
		{0FB2C98B-F5F6-482C-BB05-F43E1A7B94AD}.Release|Any CPU.ActiveCfg = Release|Any CPU
		{0FB2C98B-F5F6-482C-BB05-F43E1A7B94AD}.Release|Any CPU.Build.0 = Release|Any CPU
		{16D5F38B-F6EA-498A-8368-A8B50B45BD15}.Debug|Any CPU.ActiveCfg = Debug|Any CPU
		{16D5F38B-F6EA-498A-8368-A8B50B45BD15}.Debug|Any CPU.Build.0 = Debug|Any CPU
		{16D5F38B-F6EA-498A-8368-A8B50B45BD15}.Release|Any CPU.ActiveCfg = Release|Any CPU
		{16D5F38B-F6EA-498A-8368-A8B50B45BD15}.Release|Any CPU.Build.0 = Release|Any CPU
		{C68E11F2-D06A-4E2D-8C67-0A5F4C2D9822}.Debug|Any CPU.ActiveCfg = Debug|Any CPU
		{C68E11F2-D06A-4E2D-8C67-0A5F4C2D9822}.Debug|Any CPU.Build.0 = Debug|Any CPU
		{C68E11F2-D06A-4E2D-8C67-0A5F4C2D9822}.Release|Any CPU.ActiveCfg = Release|Any CPU
		{C68E11F2-D06A-4E2D-8C67-0A5F4C2D9822}.Release|Any CPU.Build.0 = Release|Any CPU
		{2C7452D7-1178-4AC4-A59C-4C1FCB94A96C}.Debug|Any CPU.ActiveCfg = Debug|Any CPU
		{2C7452D7-1178-4AC4-A59C-4C1FCB94A96C}.Debug|Any CPU.Build.0 = Debug|Any CPU
		{2C7452D7-1178-4AC4-A59C-4C1FCB94A96C}.Release|Any CPU.ActiveCfg = Release|Any CPU
		{2C7452D7-1178-4AC4-A59C-4C1FCB94A96C}.Release|Any CPU.Build.0 = Release|Any CPU
		{D9A57D4F-39F7-4A58-A934-1C07D45BFA71}.Debug|Any CPU.ActiveCfg = Debug|Any CPU
		{D9A57D4F-39F7-4A58-A934-1C07D45BFA71}.Debug|Any CPU.Build.0 = Debug|Any CPU
		{D9A57D4F-39F7-4A58-A934-1C07D45BFA71}.Release|Any CPU.ActiveCfg = Release|Any CPU
		{D9A57D4F-39F7-4A58-A934-1C07D45BFA71}.Release|Any CPU.Build.0 = Release|Any CPU
		{A2B4E8D9-2750-4F0E-826D-61F23482F6CB}.Debug|Any CPU.ActiveCfg = Debug|Any CPU
		{A2B4E8D9-2750-4F0E-826D-61F23482F6CB}.Debug|Any CPU.Build.0 = Debug|Any CPU
		{A2B4E8D9-2750-4F0E-826D-61F23482F6CB}.Release|Any CPU.ActiveCfg = Release|Any CPU
		{A2B4E8D9-2750-4F0E-826D-61F23482F6CB}.Release|Any CPU.Build.0 = Release|Any CPU
		{B72F5B55-10F9-42F9-BC52-17AD6745F0B8}.Debug|Any CPU.ActiveCfg = Debug|Any CPU
		{B72F5B55-10F9-42F9-BC52-17AD6745F0B8}.Debug|Any CPU.Build.0 = Debug|Any CPU
		{B72F5B55-10F9-42F9-BC52-17AD6745F0B8}.Release|Any CPU.ActiveCfg = Release|Any CPU
		{B72F5B55-10F9-42F9-BC52-17AD6745F0B8}.Release|Any CPU.Build.0 = Release|Any CPU
		{339B1C71-4971-4CD6-8020-19204DB23A66}.Debug|Any CPU.ActiveCfg = Debug|Any CPU
		{339B1C71-4971-4CD6-8020-19204DB23A66}.Debug|Any CPU.Build.0 = Debug|Any CPU
		{339B1C71-4971-4CD6-8020-19204DB23A66}.Release|Any CPU.ActiveCfg = Release|Any CPU
		{339B1C71-4971-4CD6-8020-19204DB23A66}.Release|Any CPU.Build.0 = Release|Any CPU
		{0046B215-B57B-4970-95D0-9FB05B03658D}.Debug|Any CPU.ActiveCfg = Debug|Any CPU
		{0046B215-B57B-4970-95D0-9FB05B03658D}.Debug|Any CPU.Build.0 = Debug|Any CPU
		{0046B215-B57B-4970-95D0-9FB05B03658D}.Release|Any CPU.ActiveCfg = Release|Any CPU
		{0046B215-B57B-4970-95D0-9FB05B03658D}.Release|Any CPU.Build.0 = Release|Any CPU
		{F58197FC-DB83-4A3D-B3AA-BD2FA3F8D143}.Debug|Any CPU.ActiveCfg = Debug|Any CPU
		{F58197FC-DB83-4A3D-B3AA-BD2FA3F8D143}.Debug|Any CPU.Build.0 = Debug|Any CPU
		{F58197FC-DB83-4A3D-B3AA-BD2FA3F8D143}.Release|Any CPU.ActiveCfg = Release|Any CPU
		{F58197FC-DB83-4A3D-B3AA-BD2FA3F8D143}.Release|Any CPU.Build.0 = Release|Any CPU
		{0E4936E5-4FB3-4E4D-9DFB-580395588802}.Debug|Any CPU.ActiveCfg = Debug|Any CPU
		{0E4936E5-4FB3-4E4D-9DFB-580395588802}.Debug|Any CPU.Build.0 = Debug|Any CPU
		{0E4936E5-4FB3-4E4D-9DFB-580395588802}.Release|Any CPU.ActiveCfg = Release|Any CPU
		{0E4936E5-4FB3-4E4D-9DFB-580395588802}.Release|Any CPU.Build.0 = Release|Any CPU
		{4A3C2F91-3120-4F03-A0DB-C2A96AC84A77}.Debug|Any CPU.ActiveCfg = Debug|Any CPU
		{4A3C2F91-3120-4F03-A0DB-C2A96AC84A77}.Debug|Any CPU.Build.0 = Debug|Any CPU
		{4A3C2F91-3120-4F03-A0DB-C2A96AC84A77}.Release|Any CPU.ActiveCfg = Release|Any CPU
		{4A3C2F91-3120-4F03-A0DB-C2A96AC84A77}.Release|Any CPU.Build.0 = Release|Any CPU
		{AB601659-EFCA-4A46-9001-D889C298AFC7}.Debug|Any CPU.ActiveCfg = Debug|Any CPU
		{AB601659-EFCA-4A46-9001-D889C298AFC7}.Debug|Any CPU.Build.0 = Debug|Any CPU
		{AB601659-EFCA-4A46-9001-D889C298AFC7}.Release|Any CPU.ActiveCfg = Release|Any CPU
		{AB601659-EFCA-4A46-9001-D889C298AFC7}.Release|Any CPU.Build.0 = Release|Any CPU
		{46F4CED3-0D3E-46B2-AA1C-C63B9C35D94A}.Debug|Any CPU.ActiveCfg = Debug|Any CPU
		{46F4CED3-0D3E-46B2-AA1C-C63B9C35D94A}.Debug|Any CPU.Build.0 = Debug|Any CPU
		{46F4CED3-0D3E-46B2-AA1C-C63B9C35D94A}.Release|Any CPU.ActiveCfg = Release|Any CPU
		{46F4CED3-0D3E-46B2-AA1C-C63B9C35D94A}.Release|Any CPU.Build.0 = Release|Any CPU
	EndGlobalSection
	GlobalSection(NestedProjects) = preSolution
		{AB601659-EFCA-4A46-9001-D889C298AFC7} = {77A27C0C-B771-4A14-A102-2C22FFC0E405}
		{46F4CED3-0D3E-46B2-AA1C-C63B9C35D94A} = {7E341436-F713-48F4-ADB3-5D372D229344}
	EndGlobalSection
EndGlobal
